
Microsoft Visual Studio Solution File, Format Version 12.00
# Visual Studio 15
Project("{FAE04EC0-301F-11D3-BF4B-00C04F79EFBC}") = "Unity-Design-Pattern", "Unity-Design-Pattern.csproj", "{AA5D6718-EC1F-D1EA-526D-52AF3C037FBB}"
EndProject
Global
	GlobalSection(SolutionConfigurationPlatforms) = preSolution
		Debug|Any CPU = Debug|Any CPU
		Release|Any CPU = Release|Any CPU
	EndGlobalSection
	GlobalSection(ProjectConfigurationPlatforms) = postSolution
		{AA5D6718-EC1F-D1EA-526D-52AF3C037FBB}.Debug|Any CPU.ActiveCfg = Debug|Any CPU
		{AA5D6718-EC1F-D1EA-526D-52AF3C037FBB}.Debug|Any CPU.Build.0 = Debug|Any CPU
		{AA5D6718-EC1F-D1EA-526D-52AF3C037FBB}.Release|Any CPU.ActiveCfg = Release|Any CPU
		{AA5D6718-EC1F-D1EA-526D-52AF3C037FBB}.Release|Any CPU.Build.0 = Release|Any CPU
	EndGlobalSection
	GlobalSection(SolutionProperties) = preSolution
		HideSolutionNode = FALSE
	EndGlobalSection
EndGlobal
