
Microsoft Visual Studio Solution File, Format Version 12.00
# Visual Studio 2015
Project("{FAE04EC0-301F-11D3-BF4B-00C04F79EFBC}") = "Unity3D-Design-Patterns.CSharp", "Unity3D-Design-Patterns.CSharp.csproj", "{709CDE11-59D5-5293-6409-655FC85F443E}"
EndProject
Global
	GlobalSection(SolutionConfigurationPlatforms) = preSolution
		Debug|Any CPU = Debug|Any CPU
		Release|Any CPU = Release|Any CPU
	EndGlobalSection
	GlobalSection(ProjectConfigurationPlatforms) = postSolution
		{709CDE11-59D5-5293-6409-655FC85F443E}.Debug|Any CPU.ActiveCfg = Debug|Any CPU
		{709CDE11-59D5-5293-6409-655FC85F443E}.Debug|Any CPU.Build.0 = Debug|Any CPU
		{709CDE11-59D5-5293-6409-655FC85F443E}.Release|Any CPU.ActiveCfg = Release|Any CPU
		{709CDE11-59D5-5293-6409-655FC85F443E}.Release|Any CPU.Build.0 = Release|Any CPU
	EndGlobalSection
	GlobalSection(SolutionProperties) = preSolution
		HideSolutionNode = FALSE
	EndGlobalSection
EndGlobal
